
Microsoft Visual Studio Solution File, Format Version 12.00
# Visual Studio 2012
Project("{FAE04EC0-301F-11D3-BF4B-00C04F79EFBC}") = "LovoForms", "LovoForms\LovoForms.csproj", "{F2B7DD77-6AE8-4A5F-888E-746D9B55457C}"
EndProject
Project("{FAE04EC0-301F-11D3-BF4B-00C04F79EFBC}") = "LovoForms.iOS", "iOS\LovoForms.iOS.csproj", "{6AC34873-402B-4DCD-B3C1-2FD461253CE9}"
EndProject
Project("{FAE04EC0-301F-11D3-BF4B-00C04F79EFBC}") = "LovoForms.Droid", "Droid\LovoForms.Droid.csproj", "{A1D4E446-FFB7-434D-8AD8-281E6047BA5B}"
EndProject
Global
	GlobalSection(SolutionConfigurationPlatforms) = preSolution
		Debug|Any CPU = Debug|Any CPU
		Release|Any CPU = Release|Any CPU
		Debug|iPhoneSimulator = Debug|iPhoneSimulator
		Release|iPhone = Release|iPhone
		Release|iPhoneSimulator = Release|iPhoneSimulator
		Debug|iPhone = Debug|iPhone
	EndGlobalSection
	GlobalSection(ProjectConfigurationPlatforms) = postSolution
		{F2B7DD77-6AE8-4A5F-888E-746D9B55457C}.Debug|Any CPU.ActiveCfg = Debug|Any CPU
		{F2B7DD77-6AE8-4A5F-888E-746D9B55457C}.Debug|Any CPU.Build.0 = Debug|Any CPU
		{F2B7DD77-6AE8-4A5F-888E-746D9B55457C}.Release|Any CPU.ActiveCfg = Release|Any CPU
		{F2B7DD77-6AE8-4A5F-888E-746D9B55457C}.Release|Any CPU.Build.0 = Release|Any CPU
		{F2B7DD77-6AE8-4A5F-888E-746D9B55457C}.Debug|iPhoneSimulator.ActiveCfg = Debug|Any CPU
		{F2B7DD77-6AE8-4A5F-888E-746D9B55457C}.Debug|iPhoneSimulator.Build.0 = Debug|Any CPU
		{F2B7DD77-6AE8-4A5F-888E-746D9B55457C}.Release|iPhone.ActiveCfg = Release|Any CPU
		{F2B7DD77-6AE8-4A5F-888E-746D9B55457C}.Release|iPhone.Build.0 = Release|Any CPU
		{F2B7DD77-6AE8-4A5F-888E-746D9B55457C}.Release|iPhoneSimulator.ActiveCfg = Release|Any CPU
		{F2B7DD77-6AE8-4A5F-888E-746D9B55457C}.Release|iPhoneSimulator.Build.0 = Release|Any CPU
		{F2B7DD77-6AE8-4A5F-888E-746D9B55457C}.Debug|iPhone.ActiveCfg = Debug|Any CPU
		{F2B7DD77-6AE8-4A5F-888E-746D9B55457C}.Debug|iPhone.Build.0 = Debug|Any CPU
		{6AC34873-402B-4DCD-B3C1-2FD461253CE9}.Debug|Any CPU.ActiveCfg = Debug|iPhoneSimulator
		{6AC34873-402B-4DCD-B3C1-2FD461253CE9}.Debug|Any CPU.Build.0 = Debug|iPhoneSimulator
		{6AC34873-402B-4DCD-B3C1-2FD461253CE9}.Release|Any CPU.ActiveCfg = Release|iPhone
		{6AC34873-402B-4DCD-B3C1-2FD461253CE9}.Release|Any CPU.Build.0 = Release|iPhone
		{6AC34873-402B-4DCD-B3C1-2FD461253CE9}.Debug|iPhoneSimulator.ActiveCfg = Debug|iPhoneSimulator
		{6AC34873-402B-4DCD-B3C1-2FD461253CE9}.Debug|iPhoneSimulator.Build.0 = Debug|iPhoneSimulator
		{6AC34873-402B-4DCD-B3C1-2FD461253CE9}.Release|iPhone.ActiveCfg = Release|iPhone
		{6AC34873-402B-4DCD-B3C1-2FD461253CE9}.Release|iPhone.Build.0 = Release|iPhone
		{6AC34873-402B-4DCD-B3C1-2FD461253CE9}.Release|iPhoneSimulator.ActiveCfg = Release|iPhoneSimulator
		{6AC34873-402B-4DCD-B3C1-2FD461253CE9}.Release|iPhoneSimulator.Build.0 = Release|iPhoneSimulator
		{6AC34873-402B-4DCD-B3C1-2FD461253CE9}.Debug|iPhone.ActiveCfg = Debug|iPhone
		{6AC34873-402B-4DCD-B3C1-2FD461253CE9}.Debug|iPhone.Build.0 = Debug|iPhone
		{A1D4E446-FFB7-434D-8AD8-281E6047BA5B}.Debug|Any CPU.ActiveCfg = Debug|Any CPU
		{A1D4E446-FFB7-434D-8AD8-281E6047BA5B}.Debug|Any CPU.Build.0 = Debug|Any CPU
		{A1D4E446-FFB7-434D-8AD8-281E6047BA5B}.Release|Any CPU.ActiveCfg = Release|Any CPU
		{A1D4E446-FFB7-434D-8AD8-281E6047BA5B}.Release|Any CPU.Build.0 = Release|Any CPU
		{A1D4E446-FFB7-434D-8AD8-281E6047BA5B}.Debug|iPhoneSimulator.ActiveCfg = Debug|Any CPU
		{A1D4E446-FFB7-434D-8AD8-281E6047BA5B}.Debug|iPhoneSimulator.Build.0 = Debug|Any CPU
		{A1D4E446-FFB7-434D-8AD8-281E6047BA5B}.Release|iPhone.ActiveCfg = Release|Any CPU
		{A1D4E446-FFB7-434D-8AD8-281E6047BA5B}.Release|iPhone.Build.0 = Release|Any CPU
		{A1D4E446-FFB7-434D-8AD8-281E6047BA5B}.Release|iPhoneSimulator.ActiveCfg = Release|Any CPU
		{A1D4E446-FFB7-434D-8AD8-281E6047BA5B}.Release|iPhoneSimulator.Build.0 = Release|Any CPU
		{A1D4E446-FFB7-434D-8AD8-281E6047BA5B}.Debug|iPhone.ActiveCfg = Debug|Any CPU
		{A1D4E446-FFB7-434D-8AD8-281E6047BA5B}.Debug|iPhone.Build.0 = Debug|Any CPU
	EndGlobalSection
EndGlobal
